// !$*UTF8*$!
{
	archiveVersion = 1;
	classes = {
	};
	objectVersion = 50;
	objects = {

/* Begin PBXBuildFile section */
		BD823C0420D051AC00DFCECE /* AppDelegate.swift in Sources */ = {isa = PBXBuildFile; fileRef = BD823C0320D051AC00DFCECE /* AppDelegate.swift */; };
		BD823C0720D051B100DFCECE /* Assets.xcassets in Resources */ = {isa = PBXBuildFile; fileRef = BD823C0620D051B100DFCECE /* Assets.xcassets */; };
		BD823C1920D0612900DFCECE /* bg.jpg in Resources */ = {isa = PBXBuildFile; fileRef = BD823C1820D0612900DFCECE /* bg.jpg */; };
		BD823C1B20D168A200DFCECE /* main.tvml in Resources */ = {isa = PBXBuildFile; fileRef = BD823C1A20D168A200DFCECE /* main.tvml */; };
		BD823C2020D1695900DFCECE /* v3.png in Resources */ = {isa = PBXBuildFile; fileRef = BD823C1C20D1695800DFCECE /* v3.png */; };
		BD823C2120D1695900DFCECE /* v4.jpg in Resources */ = {isa = PBXBuildFile; fileRef = BD823C1D20D1695800DFCECE /* v4.jpg */; };
		BD823C2220D1695900DFCECE /* v2.png in Resources */ = {isa = PBXBuildFile; fileRef = BD823C1E20D1695900DFCECE /* v2.png */; };
		BD823C2320D1695900DFCECE /* v1.png in Resources */ = {isa = PBXBuildFile; fileRef = BD823C1F20D1695900DFCECE /* v1.png */; };
/* End PBXBuildFile section */

/* Begin PBXFileReference section */
		BD823C0020D051AC00DFCECE /* ChoqueDeCultura.app */ = {isa = PBXFileReference; explicitFileType = wrapper.application; includeInIndex = 0; path = ChoqueDeCultura.app; sourceTree = BUILT_PRODUCTS_DIR; };
		BD823C0320D051AC00DFCECE /* AppDelegate.swift */ = {isa = PBXFileReference; lastKnownFileType = sourcecode.swift; path = AppDelegate.swift; sourceTree = "<group>"; };
		BD823C0520D051AC00DFCECE /* application.js */ = {isa = PBXFileReference; lastKnownFileType = sourcecode.javascript; path = application.js; sourceTree = "<group>"; };
		BD823C0620D051B100DFCECE /* Assets.xcassets */ = {isa = PBXFileReference; lastKnownFileType = folder.assetcatalog; path = Assets.xcassets; sourceTree = "<group>"; };
		BD823C0820D051B100DFCECE /* Info.plist */ = {isa = PBXFileReference; lastKnownFileType = text.plist.xml; path = Info.plist; sourceTree = "<group>"; };
		BD823C1820D0612900DFCECE /* bg.jpg */ = {isa = PBXFileReference; lastKnownFileType = image.jpeg; path = bg.jpg; sourceTree = "<group>"; };
		BD823C1A20D168A200DFCECE /* main.tvml */ = {isa = PBXFileReference; lastKnownFileType = text; path = main.tvml; sourceTree = "<group>"; };
		BD823C1C20D1695800DFCECE /* v3.png */ = {isa = PBXFileReference; lastKnownFileType = image.png; path = v3.png; sourceTree = "<group>"; };
		BD823C1D20D1695800DFCECE /* v4.jpg */ = {isa = PBXFileReference; lastKnownFileType = image.jpeg; path = v4.jpg; sourceTree = "<group>"; };
		BD823C1E20D1695900DFCECE /* v2.png */ = {isa = PBXFileReference; lastKnownFileType = image.png; path = v2.png; sourceTree = "<group>"; };
		BD823C1F20D1695900DFCECE /* v1.png */ = {isa = PBXFileReference; lastKnownFileType = image.png; path = v1.png; sourceTree = "<group>"; };
/* End PBXFileReference section */

/* Begin PBXFrameworksBuildPhase section */
		BD823BFD20D051AC00DFCECE /* Frameworks */ = {
			isa = PBXFrameworksBuildPhase;
			buildActionMask = 2147483647;
			files = (
			);
			runOnlyForDeploymentPostprocessing = 0;
		};
/* End PBXFrameworksBuildPhase section */

/* Begin PBXGroup section */
		BD823BF720D051AC00DFCECE = {
			isa = PBXGroup;
			children = (
				BD823C0220D051AC00DFCECE /* ChoqueDeCultura */,
				BD823C0120D051AC00DFCECE /* Products */,
			);
			sourceTree = "<group>";
		};
		BD823C0120D051AC00DFCECE /* Products */ = {
			isa = PBXGroup;
			children = (
				BD823C0020D051AC00DFCECE /* ChoqueDeCultura.app */,
			);
			name = Products;
			sourceTree = "<group>";
		};
		BD823C0220D051AC00DFCECE /* ChoqueDeCultura */ = {
			isa = PBXGroup;
			children = (
				BD823C0320D051AC00DFCECE /* AppDelegate.swift */,
				BD823C0520D051AC00DFCECE /* application.js */,
				BD823C0620D051B100DFCECE /* Assets.xcassets */,
				BD823C1020D057B800DFCECE /* imgs */,
				BD823C0820D051B100DFCECE /* Info.plist */,
				BD823C2420D16B3800DFCECE /* templates */,
			);
			path = ChoqueDeCultura;
			sourceTree = "<group>";
		};
		BD823C1020D057B800DFCECE /* imgs */ = {
			isa = PBXGroup;
			children = (
				BD823C1820D0612900DFCECE /* bg.jpg */,
				BD823C1F20D1695900DFCECE /* v1.png */,
				BD823C1E20D1695900DFCECE /* v2.png */,
				BD823C1C20D1695800DFCECE /* v3.png */,
				BD823C1D20D1695800DFCECE /* v4.jpg */,
			);
			path = imgs;
			sourceTree = "<group>";
		};
		BD823C2420D16B3800DFCECE /* templates */ = {
			isa = PBXGroup;
			children = (
				BD823C1A20D168A200DFCECE /* main.tvml */,
			);
			path = templates;
			sourceTree = "<group>";
		};
/* End PBXGroup section */

/* Begin PBXNativeTarget section */
		BD823BFF20D051AC00DFCECE /* ChoqueDeCultura */ = {
			isa = PBXNativeTarget;
			buildConfigurationList = BD823C0B20D051B100DFCECE /* Build configuration list for PBXNativeTarget "ChoqueDeCultura" */;
			buildPhases = (
				BD823BFC20D051AC00DFCECE /* Sources */,
				BD823BFD20D051AC00DFCECE /* Frameworks */,
				BD823BFE20D051AC00DFCECE /* Resources */,
			);
			buildRules = (
			);
			dependencies = (
			);
			name = ChoqueDeCultura;
			productName = ChoqueDeCultura;
			productReference = BD823C0020D051AC00DFCECE /* ChoqueDeCultura.app */;
			productType = "com.apple.product-type.application";
		};
/* End PBXNativeTarget section */

/* Begin PBXProject section */
		BD823BF820D051AC00DFCECE /* Project object */ = {
			isa = PBXProject;
			attributes = {
				LastSwiftUpdateCheck = 0940;
				LastUpgradeCheck = 0940;
				ORGANIZATIONNAME = "Guilherme Paciulli";
				TargetAttributes = {
					BD823BFF20D051AC00DFCECE = {
						CreatedOnToolsVersion = 9.4;
					};
				};
			};
			buildConfigurationList = BD823BFB20D051AC00DFCECE /* Build configuration list for PBXProject "ChoqueDeCultura" */;
			compatibilityVersion = "Xcode 9.3";
			developmentRegion = en;
			hasScannedForEncodings = 0;
			knownRegions = (
				en,
			);
			mainGroup = BD823BF720D051AC00DFCECE;
			productRefGroup = BD823C0120D051AC00DFCECE /* Products */;
			projectDirPath = "";
			projectRoot = "";
			targets = (
				BD823BFF20D051AC00DFCECE /* ChoqueDeCultura */,
			);
		};
/* End PBXProject section */

/* Begin PBXResourcesBuildPhase section */
		BD823BFE20D051AC00DFCECE /* Resources */ = {
			isa = PBXResourcesBuildPhase;
			buildActionMask = 2147483647;
			files = (
				BD823C1B20D168A200DFCECE /* main.tvml in Resources */,
				BD823C2120D1695900DFCECE /* v4.jpg in Resources */,
				BD823C1920D0612900DFCECE /* bg.jpg in Resources */,
				BD823C2320D1695900DFCECE /* v1.png in Resources */,
				BD823C2220D1695900DFCECE /* v2.png in Resources */,
				BD823C2020D1695900DFCECE /* v3.png in Resources */,
				BD823C0720D051B100DFCECE /* Assets.xcassets in Resources */,
			);
			runOnlyForDeploymentPostprocessing = 0;
		};
/* End PBXResourcesBuildPhase section */

/* Begin PBXSourcesBuildPhase section */
		BD823BFC20D051AC00DFCECE /* Sources */ = {
			isa = PBXSourcesBuildPhase;
			buildActionMask = 2147483647;
			files = (
				BD823C0420D051AC00DFCECE /* AppDelegate.swift in Sources */,
			);
			runOnlyForDeploymentPostprocessing = 0;
		};
/* End PBXSourcesBuildPhase section */

/* Begin XCBuildConfiguration section */
		BD823C0920D051B100DFCECE /* Debug */ = {
			isa = XCBuildConfiguration;
			buildSettings = {
				ALWAYS_SEARCH_USER_PATHS = NO;
				CLANG_ANALYZER_NONNULL = YES;
				CLANG_ANALYZER_NUMBER_OBJECT_CONVERSION = YES_AGGRESSIVE;
				CLANG_CXX_LANGUAGE_STANDARD = "gnu++14";
				CLANG_CXX_LIBRARY = "libc++";
				CLANG_ENABLE_MODULES = YES;
				CLANG_ENABLE_OBJC_ARC = YES;
				CLANG_ENABLE_OBJC_WEAK = YES;
				CLANG_WARN_BLOCK_CAPTURE_AUTORELEASING = YES;
				CLANG_WARN_BOOL_CONVERSION = YES;
				CLANG_WARN_COMMA = YES;
				CLANG_WARN_CONSTANT_CONVERSION = YES;
				CLANG_WARN_DEPRECATED_OBJC_IMPLEMENTATIONS = YES;
				CLANG_WARN_DIRECT_OBJC_ISA_USAGE = YES_ERROR;
				CLANG_WARN_DOCUMENTATION_COMMENTS = YES;
				CLANG_WARN_EMPTY_BODY = YES;
				CLANG_WARN_ENUM_CONVERSION = YES;
				CLANG_WARN_INFINITE_RECURSION = YES;
				CLANG_WARN_INT_CONVERSION = YES;
				CLANG_WARN_NON_LITERAL_NULL_CONVERSION = YES;
				CLANG_WARN_OBJC_IMPLICIT_RETAIN_SELF = YES;
				CLANG_WARN_OBJC_LITERAL_CONVERSION = YES;
				CLANG_WARN_OBJC_ROOT_CLASS = YES_ERROR;
				CLANG_WARN_RANGE_LOOP_ANALYSIS = YES;
				CLANG_WARN_STRICT_PROTOTYPES = YES;
				CLANG_WARN_SUSPICIOUS_MOVE = YES;
				CLANG_WARN_UNGUARDED_AVAILABILITY = YES_AGGRESSIVE;
				CLANG_WARN_UNREACHABLE_CODE = YES;
				CLANG_WARN__DUPLICATE_METHOD_MATCH = YES;
				COPY_PHASE_STRIP = NO;
				DEBUG_INFORMATION_FORMAT = dwarf;
				ENABLE_STRICT_OBJC_MSGSEND = YES;
				ENABLE_TESTABILITY = YES;
				GCC_C_LANGUAGE_STANDARD = gnu11;
				GCC_DYNAMIC_NO_PIC = NO;
				GCC_NO_COMMON_BLOCKS = YES;
				GCC_OPTIMIZATION_LEVEL = 0;
				GCC_PREPROCESSOR_DEFINITIONS = (
					"DEBUG=1",
					"$(inherited)",
				);
				GCC_WARN_64_TO_32_BIT_CONVERSION = YES;
				GCC_WARN_ABOUT_RETURN_TYPE = YES_ERROR;
				GCC_WARN_UNDECLARED_SELECTOR = YES;
				GCC_WARN_UNINITIALIZED_AUTOS = YES_AGGRESSIVE;
				GCC_WARN_UNUSED_FUNCTION = YES;
				GCC_WARN_UNUSED_VARIABLE = YES;
				MTL_ENABLE_DEBUG_INFO = YES;
				ONLY_ACTIVE_ARCH = YES;
				SDKROOT = appletvos;
				SWIFT_ACTIVE_COMPILATION_CONDITIONS = DEBUG;
				SWIFT_OPTIMIZATION_LEVEL = "-Onone";
				TVOS_DEPLOYMENT_TARGET = 11.4;
			};
			name = Debug;
		};
		BD823C0A20D051B100DFCECE /* Release */ = {
			isa = XCBuildConfiguration;
			buildSettings = {
				ALWAYS_SEARCH_USER_PATHS = NO;
				CLANG_ANALYZER_NONNULL = YES;
				CLANG_ANALYZER_NUMBER_OBJECT_CONVERSION = YES_AGGRESSIVE;
				CLANG_CXX_LANGUAGE_STANDARD = "gnu++14";
				CLANG_CXX_LIBRARY = "libc++";
				CLANG_ENABLE_MODULES = YES;
				CLANG_ENABLE_OBJC_ARC = YES;
				CLANG_ENABLE_OBJC_WEAK = YES;
				CLANG_WARN_BLOCK_CAPTURE_AUTORELEASING = YES;
				CLANG_WARN_BOOL_CONVERSION = YES;
				CLANG_WARN_COMMA = YES;
				CLANG_WARN_CONSTANT_CONVERSION = YES;
				CLANG_WARN_DEPRECATED_OBJC_IMPLEMENTATIONS = YES;
				CLANG_WARN_DIRECT_OBJC_ISA_USAGE = YES_ERROR;
				CLANG_WARN_DOCUMENTATION_COMMENTS = YES;
				CLANG_WARN_EMPTY_BODY = YES;
				CLANG_WARN_ENUM_CONVERSION = YES;
				CLANG_WARN_INFINITE_RECURSION = YES;
				CLANG_WARN_INT_CONVERSION = YES;
				CLANG_WARN_NON_LITERAL_NULL_CONVERSION = YES;
				CLANG_WARN_OBJC_IMPLICIT_RETAIN_SELF = YES;
				CLANG_WARN_OBJC_LITERAL_CONVERSION = YES;
				CLANG_WARN_OBJC_ROOT_CLASS = YES_ERROR;
				CLANG_WARN_RANGE_LOOP_ANALYSIS = YES;
				CLANG_WARN_STRICT_PROTOTYPES = YES;
				CLANG_WARN_SUSPICIOUS_MOVE = YES;
				CLANG_WARN_UNGUARDED_AVAILABILITY = YES_AGGRESSIVE;
				CLANG_WARN_UNREACHABLE_CODE = YES;
				CLANG_WARN__DUPLICATE_METHOD_MATCH = YES;
				COPY_PHASE_STRIP = NO;
				DEBUG_INFORMATION_FORMAT = "dwarf-with-dsym";
				ENABLE_NS_ASSERTIONS = NO;
				ENABLE_STRICT_OBJC_MSGSEND = YES;
				GCC_C_LANGUAGE_STANDARD = gnu11;
				GCC_NO_COMMON_BLOCKS = YES;
				GCC_WARN_64_TO_32_BIT_CONVERSION = YES;
				GCC_WARN_ABOUT_RETURN_TYPE = YES_ERROR;
				GCC_WARN_UNDECLARED_SELECTOR = YES;
				GCC_WARN_UNINITIALIZED_AUTOS = YES_AGGRESSIVE;
				GCC_WARN_UNUSED_FUNCTION = YES;
				GCC_WARN_UNUSED_VARIABLE = YES;
				MTL_ENABLE_DEBUG_INFO = NO;
				SDKROOT = appletvos;
				SWIFT_COMPILATION_MODE = wholemodule;
				SWIFT_OPTIMIZATION_LEVEL = "-O";
				TVOS_DEPLOYMENT_TARGET = 11.4;
				VALIDATE_PRODUCT = YES;
			};
			name = Release;
		};
		BD823C0C20D051B100DFCECE /* Debug */ = {
			isa = XCBuildConfiguration;
			buildSettings = {
				ASSETCATALOG_COMPILER_APPICON_NAME = "App Icon & Top Shelf Image";
				ASSETCATALOG_COMPILER_LAUNCHIMAGE_NAME = LaunchImage;
				CODE_SIGN_STYLE = Automatic;
				DEVELOPMENT_TEAM = VLLH384AC4;
				INFOPLIST_FILE = ChoqueDeCultura/Info.plist;
				LD_RUNPATH_SEARCH_PATHS = (
					"$(inherited)",
					"@executable_path/Frameworks",
				);
				PRODUCT_BUNDLE_IDENTIFIER = br.mackmobile.Paciulli.ChoqueDeCultura;
				PRODUCT_NAME = "$(TARGET_NAME)";
				SWIFT_VERSION = 4.0;
				TARGETED_DEVICE_FAMILY = 3;
			};
			name = Debug;
		};
		BD823C0D20D051B100DFCECE /* Release */ = {
			isa = XCBuildConfiguration;
			buildSettings = {
				ASSETCATALOG_COMPILER_APPICON_NAME = "App Icon & Top Shelf Image";
				ASSETCATALOG_COMPILER_LAUNCHIMAGE_NAME = LaunchImage;
				CODE_SIGN_STYLE = Automatic;
				DEVELOPMENT_TEAM = VLLH384AC4;
				INFOPLIST_FILE = ChoqueDeCultura/Info.plist;
				LD_RUNPATH_SEARCH_PATHS = (
					"$(inherited)",
					"@executable_path/Frameworks",
				);
				PRODUCT_BUNDLE_IDENTIFIER = br.mackmobile.Paciulli.ChoqueDeCultura;
				PRODUCT_NAME = "$(TARGET_NAME)";
				SWIFT_VERSION = 4.0;
				TARGETED_DEVICE_FAMILY = 3;
			};
			name = Release;
		};
/* End XCBuildConfiguration section */

/* Begin XCConfigurationList section */
		BD823BFB20D051AC00DFCECE /* Build configuration list for PBXProject "ChoqueDeCultura" */ = {
			isa = XCConfigurationList;
			buildConfigurations = (
				BD823C0920D051B100DFCECE /* Debug */,
				BD823C0A20D051B100DFCECE /* Release */,
			);
			defaultConfigurationIsVisible = 0;
			defaultConfigurationName = Release;
		};
		BD823C0B20D051B100DFCECE /* Build configuration list for PBXNativeTarget "ChoqueDeCultura" */ = {
			isa = XCConfigurationList;
			buildConfigurations = (
				BD823C0C20D051B100DFCECE /* Debug */,
				BD823C0D20D051B100DFCECE /* Release */,
			);
			defaultConfigurationIsVisible = 0;
			defaultConfigurationName = Release;
		};
/* End XCConfigurationList section */
	};
	rootObject = BD823BF820D051AC00DFCECE /* Project object */;
}
